// !$*UTF8*$!
{
	archiveVersion = 1;
	classes = {
	};
	objectVersion = 46;
	objects = {

/* Begin PBXBuildFile section */
		550C7EAD1356393E009588FB /* private-fork.png in Resources */ = {isa = PBXBuildFile; fileRef = 550C7EAB1356393E009588FB /* private-fork.png */; };
		550C7EAE1356393E009588FB /* public-fork.png in Resources */ = {isa = PBXBuildFile; fileRef = 550C7EAC1356393E009588FB /* public-fork.png */; };
		550DF1D21359A99700646B35 /* Connection.m in Sources */ = {isa = PBXBuildFile; fileRef = 550DF1871359A99700646B35 /* Connection.m */; };
		550DF1D31359A99700646B35 /* ConnectionDelegate.m in Sources */ = {isa = PBXBuildFile; fileRef = 550DF1891359A99700646B35 /* ConnectionDelegate.m */; };
		550DF1D41359A99700646B35 /* NSHTTPURLResponse+Error.m in Sources */ = {isa = PBXBuildFile; fileRef = 550DF18B1359A99700646B35 /* NSHTTPURLResponse+Error.m */; };
		550DF1D51359A99700646B35 /* NSMutableURLRequest+ResponseType.m in Sources */ = {isa = PBXBuildFile; fileRef = 550DF18D1359A99700646B35 /* NSMutableURLRequest+ResponseType.m */; };
		550DF1D61359A99700646B35 /* NSObject+ObjectiveResource.m in Sources */ = {isa = PBXBuildFile; fileRef = 550DF18F1359A99700646B35 /* NSObject+ObjectiveResource.m */; };
		550DF1D71359A99700646B35 /* NSString+InflectionSupport.m in Sources */ = {isa = PBXBuildFile; fileRef = 550DF1951359A99700646B35 /* NSString+InflectionSupport.m */; };
		550DF1D81359A99700646B35 /* NSData+Additions.m in Sources */ = {isa = PBXBuildFile; fileRef = 550DF1971359A99700646B35 /* NSData+Additions.m */; };
		550DF1D91359A99700646B35 /* NSObject+PropertySupport.m in Sources */ = {isa = PBXBuildFile; fileRef = 550DF1991359A99700646B35 /* NSObject+PropertySupport.m */; };
		550DF1DA1359A99700646B35 /* NSString+GSub.m in Sources */ = {isa = PBXBuildFile; fileRef = 550DF19B1359A99700646B35 /* NSString+GSub.m */; };
		550DF1DB1359A99700646B35 /* ObjectiveResourceDateFormatter.m in Sources */ = {isa = PBXBuildFile; fileRef = 550DF19D1359A99700646B35 /* ObjectiveResourceDateFormatter.m */; };
		550DF1DC1359A99700646B35 /* NSObject+SBJSON.m in Sources */ = {isa = PBXBuildFile; fileRef = 550DF1A21359A99700646B35 /* NSObject+SBJSON.m */; };
		550DF1DD1359A99700646B35 /* NSString+SBJSON.m in Sources */ = {isa = PBXBuildFile; fileRef = 550DF1A41359A99700646B35 /* NSString+SBJSON.m */; };
		550DF1DE1359A99700646B35 /* SBJSON.m in Sources */ = {isa = PBXBuildFile; fileRef = 550DF1A61359A99700646B35 /* SBJSON.m */; };
		550DF1DF1359A99700646B35 /* NSArray+JSONSerializableSupport.m in Sources */ = {isa = PBXBuildFile; fileRef = 550DF1AC1359A99700646B35 /* NSArray+JSONSerializableSupport.m */; };
		550DF1E01359A99700646B35 /* NSDictionary+JSONSerializableSupport.m in Sources */ = {isa = PBXBuildFile; fileRef = 550DF1AE1359A99700646B35 /* NSDictionary+JSONSerializableSupport.m */; };
		550DF1E11359A99700646B35 /* NSObject+JSONSerializableSupport.m in Sources */ = {isa = PBXBuildFile; fileRef = 550DF1B01359A99700646B35 /* NSObject+JSONSerializableSupport.m */; };
		550DF1E21359A99700646B35 /* NSDate+Serialize.m in Sources */ = {isa = PBXBuildFile; fileRef = 550DF1B21359A99700646B35 /* NSDate+Serialize.m */; };
		550DF1E31359A99700646B35 /* NSDictionary+KeyTranslation.m in Sources */ = {isa = PBXBuildFile; fileRef = 550DF1B41359A99700646B35 /* NSDictionary+KeyTranslation.m */; };
		550DF1E41359A99700646B35 /* NSObject+Serialize.m in Sources */ = {isa = PBXBuildFile; fileRef = 550DF1B61359A99700646B35 /* NSObject+Serialize.m */; };
		550DF1E51359A99700646B35 /* NSString+Serialize.m in Sources */ = {isa = PBXBuildFile; fileRef = 550DF1B81359A99700646B35 /* NSString+Serialize.m */; };
		550DF1E61359A99700646B35 /* FromXMLElementDelegate.m in Sources */ = {isa = PBXBuildFile; fileRef = 550DF1BC1359A99700646B35 /* FromXMLElementDelegate.m */; };
		550DF1E71359A99700646B35 /* NSArray+XMLSerializableSupport.m in Sources */ = {isa = PBXBuildFile; fileRef = 550DF1BE1359A99700646B35 /* NSArray+XMLSerializableSupport.m */; };
		550DF1E81359A99700646B35 /* NSDate+XMLSerializableSupport.m in Sources */ = {isa = PBXBuildFile; fileRef = 550DF1C01359A99700646B35 /* NSDate+XMLSerializableSupport.m */; };
		550DF1E91359A99700646B35 /* NSDictionary+XMLSerializableSupport.m in Sources */ = {isa = PBXBuildFile; fileRef = 550DF1C21359A99700646B35 /* NSDictionary+XMLSerializableSupport.m */; };
		550DF1EA1359A99700646B35 /* NSNull+XMLSerializableSupport.m in Sources */ = {isa = PBXBuildFile; fileRef = 550DF1C41359A99700646B35 /* NSNull+XMLSerializableSupport.m */; };
		550DF1EB1359A99700646B35 /* NSNumber+XMLSerializableSupport.m in Sources */ = {isa = PBXBuildFile; fileRef = 550DF1C61359A99700646B35 /* NSNumber+XMLSerializableSupport.m */; };
		550DF1EC1359A99700646B35 /* NSObject+XMLSerializableSupport.m in Sources */ = {isa = PBXBuildFile; fileRef = 550DF1C81359A99700646B35 /* NSObject+XMLSerializableSupport.m */; };
		550DF1ED1359A99700646B35 /* NSString+XMLSerializableSupport.m in Sources */ = {isa = PBXBuildFile; fileRef = 550DF1CA1359A99700646B35 /* NSString+XMLSerializableSupport.m */; };
		550DF1EE1359A99700646B35 /* ObjectiveResourceConfig.m in Sources */ = {isa = PBXBuildFile; fileRef = 550DF1CF1359A99700646B35 /* ObjectiveResourceConfig.m */; };
		550DF1EF1359A99700646B35 /* Response.m in Sources */ = {isa = PBXBuildFile; fileRef = 550DF1D11359A99700646B35 /* Response.m */; };
		557041CD13576CA30033D892 /* 19-gear.png in Resources */ = {isa = PBXBuildFile; fileRef = 557041CC13576CA30033D892 /* 19-gear.png */; };
		557041D013576CFA0033D892 /* 06-magnify.png in Resources */ = {isa = PBXBuildFile; fileRef = 557041CF13576CFA0033D892 /* 06-magnify.png */; };
		557041D213576D590033D892 /* 53-house.png in Resources */ = {isa = PBXBuildFile; fileRef = 557041D113576D590033D892 /* 53-house.png */; };
		557041D6135783A10033D892 /* SearchViewController.m in Sources */ = {isa = PBXBuildFile; fileRef = 557041D4135783A10033D892 /* SearchViewController.m */; };
		557041D7135783A10033D892 /* SearchViewController.xib in Resources */ = {isa = PBXBuildFile; fileRef = 557041D5135783A10033D892 /* SearchViewController.xib */; };
		55983BC91350962A00483DAC /* SettingsViewController.m in Sources */ = {isa = PBXBuildFile; fileRef = 55983BC71350962A00483DAC /* SettingsViewController.m */; };
		55983BCA1350962A00483DAC /* SettingsViewController.xib in Resources */ = {isa = PBXBuildFile; fileRef = 55983BC81350962A00483DAC /* SettingsViewController.xib */; };
		55983BCD1351A3DE00483DAC /* Constants.m in Sources */ = {isa = PBXBuildFile; fileRef = 55983BCC1351A3DE00483DAC /* Constants.m */; };
		55983BD11351A64100483DAC /* NSString+DBExtensions.m in Sources */ = {isa = PBXBuildFile; fileRef = 55983BD01351A64100483DAC /* NSString+DBExtensions.m */; };
		55983BD51353216C00483DAC /* ApplicationHelper.m in Sources */ = {isa = PBXBuildFile; fileRef = 55983BD41353216C00483DAC /* ApplicationHelper.m */; };
		55A26967134C8D500051D97A /* CDataScanner.m in Sources */ = {isa = PBXBuildFile; fileRef = 55A2692F134C8D500051D97A /* CDataScanner.m */; };
		55A26968134C8D500051D97A /* CDataScanner_Extensions.m in Sources */ = {isa = PBXBuildFile; fileRef = 55A26932134C8D500051D97A /* CDataScanner_Extensions.m */; };
		55A26969134C8D500051D97A /* NSCharacterSet_Extensions.m in Sources */ = {isa = PBXBuildFile; fileRef = 55A26934134C8D500051D97A /* NSCharacterSet_Extensions.m */; };
		55A2696A134C8D500051D97A /* NSDictionary_JSONExtensions.m in Sources */ = {isa = PBXBuildFile; fileRef = 55A26936134C8D500051D97A /* NSDictionary_JSONExtensions.m */; };
		55A2696B134C8D500051D97A /* NSScanner_Extensions.m in Sources */ = {isa = PBXBuildFile; fileRef = 55A26938134C8D500051D97A /* NSScanner_Extensions.m */; };
		55A2696C134C8D500051D97A /* CJSONDataSerializer.m in Sources */ = {isa = PBXBuildFile; fileRef = 55A2693B134C8D500051D97A /* CJSONDataSerializer.m */; };
		55A2696D134C8D500051D97A /* CJSONDeserializer.m in Sources */ = {isa = PBXBuildFile; fileRef = 55A2693D134C8D500051D97A /* CJSONDeserializer.m */; };
		55A2696E134C8D500051D97A /* CJSONScanner.m in Sources */ = {isa = PBXBuildFile; fileRef = 55A2693F134C8D500051D97A /* CJSONScanner.m */; };
		55A2696F134C8D500051D97A /* CJSONSerializer.m in Sources */ = {isa = PBXBuildFile; fileRef = 55A26941134C8D500051D97A /* CJSONSerializer.m */; };
		55A26970134C8D500051D97A /* CSerializedJSONData.m in Sources */ = {isa = PBXBuildFile; fileRef = 55A26943134C8D500051D97A /* CSerializedJSONData.m */; };
		55A26971134C8D500051D97A /* License.rtf in Resources */ = {isa = PBXBuildFile; fileRef = 55A26944134C8D500051D97A /* License.rtf */; };
		55A26973134C8D500051D97A /* NSArray+Utilities.m in Sources */ = {isa = PBXBuildFile; fileRef = 55A26947134C8D500051D97A /* NSArray+Utilities.m */; };
		55A26974134C8D500051D97A /* NSData+Base64.m in Sources */ = {isa = PBXBuildFile; fileRef = 55A26949134C8D500051D97A /* NSData+Base64.m */; };
		55A26975134C8D500051D97A /* NSString+UAGithubEngineUtilities.m in Sources */ = {isa = PBXBuildFile; fileRef = 55A2694B134C8D500051D97A /* NSString+UAGithubEngineUtilities.m */; };
		55A26976134C8D500051D97A /* NSString+UUID.m in Sources */ = {isa = PBXBuildFile; fileRef = 55A2694D134C8D500051D97A /* NSString+UUID.m */; };
		55A26977134C8D500051D97A /* UAGithubCommitsJSONParser.m in Sources */ = {isa = PBXBuildFile; fileRef = 55A2694F134C8D500051D97A /* UAGithubCommitsJSONParser.m */; };
		55A26978134C8D500051D97A /* UAGithubEngine.m in Sources */ = {isa = PBXBuildFile; fileRef = 55A26951134C8D500051D97A /* UAGithubEngine.m */; };
		55A26979134C8D500051D97A /* UAGithubEngineConstants.m in Sources */ = {isa = PBXBuildFile; fileRef = 55A26953134C8D500051D97A /* UAGithubEngineConstants.m */; };
		55A2697A134C8D500051D97A /* UAGithubIssueCommentsJSONParser.m in Sources */ = {isa = PBXBuildFile; fileRef = 55A26957134C8D500051D97A /* UAGithubIssueCommentsJSONParser.m */; };
		55A2697B134C8D500051D97A /* UAGithubIssuesJSONParser.m in Sources */ = {isa = PBXBuildFile; fileRef = 55A26959134C8D500051D97A /* UAGithubIssuesJSONParser.m */; };
		55A2697C134C8D500051D97A /* UAGithubJSONParser.m in Sources */ = {isa = PBXBuildFile; fileRef = 55A2695B134C8D500051D97A /* UAGithubJSONParser.m */; };
		55A2697D134C8D500051D97A /* UAGithubRepositoriesJSONParser.m in Sources */ = {isa = PBXBuildFile; fileRef = 55A2695E134C8D500051D97A /* UAGithubRepositoriesJSONParser.m */; };
		55A2697E134C8D500051D97A /* UAGithubSimpleJSONParser.m in Sources */ = {isa = PBXBuildFile; fileRef = 55A26960134C8D500051D97A /* UAGithubSimpleJSONParser.m */; };
		55A2697F134C8D500051D97A /* UAGithubURLConnection.m in Sources */ = {isa = PBXBuildFile; fileRef = 55A26962134C8D500051D97A /* UAGithubURLConnection.m */; };
		55A26980134C8D500051D97A /* UAGithubUsersJSONParser.m in Sources */ = {isa = PBXBuildFile; fileRef = 55A26964134C8D500051D97A /* UAGithubUsersJSONParser.m */; };
		55A26981134C8D500051D97A /* UAReachability.m in Sources */ = {isa = PBXBuildFile; fileRef = 55A26966134C8D500051D97A /* UAReachability.m */; };
		55A26985134C95B70051D97A /* private.png in Resources */ = {isa = PBXBuildFile; fileRef = 55A26983134C95B70051D97A /* private.png */; };
		55A26986134C95B70051D97A /* public.png in Resources */ = {isa = PBXBuildFile; fileRef = 55A26984134C95B70051D97A /* public.png */; };
		55A26996134CC4CF0051D97A /* full_screen.png in Resources */ = {isa = PBXBuildFile; fileRef = 55A26995134CC4CF0051D97A /* full_screen.png */; };
		55A2699F134E5FD50051D97A /* FullScreenViewController.m in Sources */ = {isa = PBXBuildFile; fileRef = 55A2699D134E5FD40051D97A /* FullScreenViewController.m */; };
		55A269A0134E5FD50051D97A /* FullScreenViewController.xib in Resources */ = {isa = PBXBuildFile; fileRef = 55A2699E134E5FD40051D97A /* FullScreenViewController.xib */; };
		55C02D46134C775A00606C13 /* UIKit.framework in Frameworks */ = {isa = PBXBuildFile; fileRef = 55C02D45134C775A00606C13 /* UIKit.framework */; };
		55C02D48134C775A00606C13 /* Foundation.framework in Frameworks */ = {isa = PBXBuildFile; fileRef = 55C02D47134C775A00606C13 /* Foundation.framework */; };
		55C02D4A134C775A00606C13 /* CoreGraphics.framework in Frameworks */ = {isa = PBXBuildFile; fileRef = 55C02D49134C775A00606C13 /* CoreGraphics.framework */; };
		55C02D50134C775A00606C13 /* InfoPlist.strings in Resources */ = {isa = PBXBuildFile; fileRef = 55C02D4E134C775A00606C13 /* InfoPlist.strings */; };
		55C02D53134C775A00606C13 /* main.m in Sources */ = {isa = PBXBuildFile; fileRef = 55C02D52134C775A00606C13 /* main.m */; };
		55C02D56134C775A00606C13 /* GithubBrowserAppDelegate.m in Sources */ = {isa = PBXBuildFile; fileRef = 55C02D55134C775A00606C13 /* GithubBrowserAppDelegate.m */; };
		55C02D59134C775B00606C13 /* MainWindow.xib in Resources */ = {isa = PBXBuildFile; fileRef = 55C02D57134C775B00606C13 /* MainWindow.xib */; };
		55C02D5C134C775B00606C13 /* DetailViewController.m in Sources */ = {isa = PBXBuildFile; fileRef = 55C02D5B134C775B00606C13 /* DetailViewController.m */; };
		55C02D5F134C775B00606C13 /* DetailView.xib in Resources */ = {isa = PBXBuildFile; fileRef = 55C02D5D134C775B00606C13 /* DetailView.xib */; };
		55C02D62134C775B00606C13 /* RootViewController.m in Sources */ = {isa = PBXBuildFile; fileRef = 55C02D61134C775B00606C13 /* RootViewController.m */; };
/* End PBXBuildFile section */

/* Begin PBXFileReference section */
		550C7EAB1356393E009588FB /* private-fork.png */ = {isa = PBXFileReference; lastKnownFileType = image.png; path = "private-fork.png"; sourceTree = "<group>"; };
		550C7EAC1356393E009588FB /* public-fork.png */ = {isa = PBXFileReference; lastKnownFileType = image.png; path = "public-fork.png"; sourceTree = "<group>"; };
		550DF1861359A99700646B35 /* Connection.h */ = {isa = PBXFileReference; fileEncoding = 4; lastKnownFileType = sourcecode.c.h; path = Connection.h; sourceTree = "<group>"; };
		550DF1871359A99700646B35 /* Connection.m */ = {isa = PBXFileReference; fileEncoding = 4; lastKnownFileType = sourcecode.c.objc; path = Connection.m; sourceTree = "<group>"; };
		550DF1881359A99700646B35 /* ConnectionDelegate.h */ = {isa = PBXFileReference; fileEncoding = 4; lastKnownFileType = sourcecode.c.h; path = ConnectionDelegate.h; sourceTree = "<group>"; };
		550DF1891359A99700646B35 /* ConnectionDelegate.m */ = {isa = PBXFileReference; fileEncoding = 4; lastKnownFileType = sourcecode.c.objc; path = ConnectionDelegate.m; sourceTree = "<group>"; };
		550DF18A1359A99700646B35 /* NSHTTPURLResponse+Error.h */ = {isa = PBXFileReference; fileEncoding = 4; lastKnownFileType = sourcecode.c.h; path = "NSHTTPURLResponse+Error.h"; sourceTree = "<group>"; };
		550DF18B1359A99700646B35 /* NSHTTPURLResponse+Error.m */ = {isa = PBXFileReference; fileEncoding = 4; lastKnownFileType = sourcecode.c.objc; path = "NSHTTPURLResponse+Error.m"; sourceTree = "<group>"; };
		550DF18C1359A99700646B35 /* NSMutableURLRequest+ResponseType.h */ = {isa = PBXFileReference; fileEncoding = 4; lastKnownFileType = sourcecode.c.h; path = "NSMutableURLRequest+ResponseType.h"; sourceTree = "<group>"; };
		550DF18D1359A99700646B35 /* NSMutableURLRequest+ResponseType.m */ = {isa = PBXFileReference; fileEncoding = 4; lastKnownFileType = sourcecode.c.objc; path = "NSMutableURLRequest+ResponseType.m"; sourceTree = "<group>"; };
		550DF18E1359A99700646B35 /* NSObject+ObjectiveResource.h */ = {isa = PBXFileReference; fileEncoding = 4; lastKnownFileType = sourcecode.c.h; path = "NSObject+ObjectiveResource.h"; sourceTree = "<group>"; };
		550DF18F1359A99700646B35 /* NSObject+ObjectiveResource.m */ = {isa = PBXFileReference; fileEncoding = 4; lastKnownFileType = sourcecode.c.objc; path = "NSObject+ObjectiveResource.m"; sourceTree = "<group>"; };
		550DF1921359A99700646B35 /* CoreSupport.h */ = {isa = PBXFileReference; fileEncoding = 4; lastKnownFileType = sourcecode.c.h; path = CoreSupport.h; sourceTree = "<group>"; };
		550DF1941359A99700646B35 /* NSString+InflectionSupport.h */ = {isa = PBXFileReference; fileEncoding = 4; lastKnownFileType = sourcecode.c.h; path = "NSString+InflectionSupport.h"; sourceTree = "<group>"; };
		550DF1951359A99700646B35 /* NSString+InflectionSupport.m */ = {isa = PBXFileReference; fileEncoding = 4; lastKnownFileType = sourcecode.c.objc; path = "NSString+InflectionSupport.m"; sourceTree = "<group>"; };
		550DF1961359A99700646B35 /* NSData+Additions.h */ = {isa = PBXFileReference; fileEncoding = 4; lastKnownFileType = sourcecode.c.h; path = "NSData+Additions.h"; sourceTree = "<group>"; };
		550DF1971359A99700646B35 /* NSData+Additions.m */ = {isa = PBXFileReference; fileEncoding = 4; lastKnownFileType = sourcecode.c.objc; path = "NSData+Additions.m"; sourceTree = "<group>"; };
		550DF1981359A99700646B35 /* NSObject+PropertySupport.h */ = {isa = PBXFileReference; fileEncoding = 4; lastKnownFileType = sourcecode.c.h; path = "NSObject+PropertySupport.h"; sourceTree = "<group>"; };
		550DF1991359A99700646B35 /* NSObject+PropertySupport.m */ = {isa = PBXFileReference; fileEncoding = 4; lastKnownFileType = sourcecode.c.objc; path = "NSObject+PropertySupport.m"; sourceTree = "<group>"; };
		550DF19A1359A99700646B35 /* NSString+GSub.h */ = {isa = PBXFileReference; fileEncoding = 4; lastKnownFileType = sourcecode.c.h; path = "NSString+GSub.h"; sourceTree = "<group>"; };
		550DF19B1359A99700646B35 /* NSString+GSub.m */ = {isa = PBXFileReference; fileEncoding = 4; lastKnownFileType = sourcecode.c.objc; path = "NSString+GSub.m"; sourceTree = "<group>"; };
		550DF19C1359A99700646B35 /* ObjectiveResourceDateFormatter.h */ = {isa = PBXFileReference; fileEncoding = 4; lastKnownFileType = sourcecode.c.h; path = ObjectiveResourceDateFormatter.h; sourceTree = "<group>"; };
		550DF19D1359A99700646B35 /* ObjectiveResourceDateFormatter.m */ = {isa = PBXFileReference; fileEncoding = 4; lastKnownFileType = sourcecode.c.objc; path = ObjectiveResourceDateFormatter.m; sourceTree = "<group>"; };
		550DF19E1359A99700646B35 /* ObjectiveSupport.h */ = {isa = PBXFileReference; fileEncoding = 4; lastKnownFileType = sourcecode.c.h; path = ObjectiveSupport.h; sourceTree = "<group>"; };
		550DF1A01359A99700646B35 /* JSONFramework.h */ = {isa = PBXFileReference; fileEncoding = 4; lastKnownFileType = sourcecode.c.h; path = JSONFramework.h; sourceTree = "<group>"; };
		550DF1A11359A99700646B35 /* NSObject+SBJSON.h */ = {isa = PBXFileReference; fileEncoding = 4; lastKnownFileType = sourcecode.c.h; path = "NSObject+SBJSON.h"; sourceTree = "<group>"; };
		550DF1A21359A99700646B35 /* NSObject+SBJSON.m */ = {isa = PBXFileReference; fileEncoding = 4; lastKnownFileType = sourcecode.c.objc; path = "NSObject+SBJSON.m"; sourceTree = "<group>"; };
		550DF1A31359A99700646B35 /* NSString+SBJSON.h */ = {isa = PBXFileReference; fileEncoding = 4; lastKnownFileType = sourcecode.c.h; path = "NSString+SBJSON.h"; sourceTree = "<group>"; };
		550DF1A41359A99700646B35 /* NSString+SBJSON.m */ = {isa = PBXFileReference; fileEncoding = 4; lastKnownFileType = sourcecode.c.objc; path = "NSString+SBJSON.m"; sourceTree = "<group>"; };
		550DF1A51359A99700646B35 /* SBJSON.h */ = {isa = PBXFileReference; fileEncoding = 4; lastKnownFileType = sourcecode.c.h; path = SBJSON.h; sourceTree = "<group>"; };
		550DF1A61359A99700646B35 /* SBJSON.m */ = {isa = PBXFileReference; fileEncoding = 4; lastKnownFileType = sourcecode.c.objc; path = SBJSON.m; sourceTree = "<group>"; };
		550DF1A91359A99700646B35 /* JSONSerializable.h */ = {isa = PBXFileReference; fileEncoding = 4; lastKnownFileType = sourcecode.c.h; path = JSONSerializable.h; sourceTree = "<group>"; };
		550DF1AA1359A99700646B35 /* JSONSerializableSupport.h */ = {isa = PBXFileReference; fileEncoding = 4; lastKnownFileType = sourcecode.c.h; path = JSONSerializableSupport.h; sourceTree = "<group>"; };
		550DF1AB1359A99700646B35 /* NSArray+JSONSerializableSupport.h */ = {isa = PBXFileReference; fileEncoding = 4; lastKnownFileType = sourcecode.c.h; path = "NSArray+JSONSerializableSupport.h"; sourceTree = "<group>"; };
		550DF1AC1359A99700646B35 /* NSArray+JSONSerializableSupport.m */ = {isa = PBXFileReference; fileEncoding = 4; lastKnownFileType = sourcecode.c.objc; path = "NSArray+JSONSerializableSupport.m"; sourceTree = "<group>"; };
		550DF1AD1359A99700646B35 /* NSDictionary+JSONSerializableSupport.h */ = {isa = PBXFileReference; fileEncoding = 4; lastKnownFileType = sourcecode.c.h; path = "NSDictionary+JSONSerializableSupport.h"; sourceTree = "<group>"; };
		550DF1AE1359A99700646B35 /* NSDictionary+JSONSerializableSupport.m */ = {isa = PBXFileReference; fileEncoding = 4; lastKnownFileType = sourcecode.c.objc; path = "NSDictionary+JSONSerializableSupport.m"; sourceTree = "<group>"; };
		550DF1AF1359A99700646B35 /* NSObject+JSONSerializableSupport.h */ = {isa = PBXFileReference; fileEncoding = 4; lastKnownFileType = sourcecode.c.h; path = "NSObject+JSONSerializableSupport.h"; sourceTree = "<group>"; };
		550DF1B01359A99700646B35 /* NSObject+JSONSerializableSupport.m */ = {isa = PBXFileReference; fileEncoding = 4; lastKnownFileType = sourcecode.c.objc; path = "NSObject+JSONSerializableSupport.m"; sourceTree = "<group>"; };
		550DF1B11359A99700646B35 /* NSDate+Serialize.h */ = {isa = PBXFileReference; fileEncoding = 4; lastKnownFileType = sourcecode.c.h; path = "NSDate+Serialize.h"; sourceTree = "<group>"; };
		550DF1B21359A99700646B35 /* NSDate+Serialize.m */ = {isa = PBXFileReference; fileEncoding = 4; lastKnownFileType = sourcecode.c.objc; path = "NSDate+Serialize.m"; sourceTree = "<group>"; };
		550DF1B31359A99700646B35 /* NSDictionary+KeyTranslation.h */ = {isa = PBXFileReference; fileEncoding = 4; lastKnownFileType = sourcecode.c.h; path = "NSDictionary+KeyTranslation.h"; sourceTree = "<group>"; };
		550DF1B41359A99700646B35 /* NSDictionary+KeyTranslation.m */ = {isa = PBXFileReference; fileEncoding = 4; lastKnownFileType = sourcecode.c.objc; path = "NSDictionary+KeyTranslation.m"; sourceTree = "<group>"; };
		550DF1B51359A99700646B35 /* NSObject+Serialize.h */ = {isa = PBXFileReference; fileEncoding = 4; lastKnownFileType = sourcecode.c.h; path = "NSObject+Serialize.h"; sourceTree = "<group>"; };
		550DF1B61359A99700646B35 /* NSObject+Serialize.m */ = {isa = PBXFileReference; fileEncoding = 4; lastKnownFileType = sourcecode.c.objc; path = "NSObject+Serialize.m"; sourceTree = "<group>"; };
		550DF1B71359A99700646B35 /* NSString+Serialize.h */ = {isa = PBXFileReference; fileEncoding = 4; lastKnownFileType = sourcecode.c.h; path = "NSString+Serialize.h"; sourceTree = "<group>"; };
		550DF1B81359A99700646B35 /* NSString+Serialize.m */ = {isa = PBXFileReference; fileEncoding = 4; lastKnownFileType = sourcecode.c.objc; path = "NSString+Serialize.m"; sourceTree = "<group>"; };
		550DF1B91359A99700646B35 /* Serialize.h */ = {isa = PBXFileReference; fileEncoding = 4; lastKnownFileType = sourcecode.c.h; path = Serialize.h; sourceTree = "<group>"; };
		550DF1BB1359A99700646B35 /* FromXMLElementDelegate.h */ = {isa = PBXFileReference; fileEncoding = 4; lastKnownFileType = sourcecode.c.h; path = FromXMLElementDelegate.h; sourceTree = "<group>"; };
		550DF1BC1359A99700646B35 /* FromXMLElementDelegate.m */ = {isa = PBXFileReference; fileEncoding = 4; lastKnownFileType = sourcecode.c.objc; path = FromXMLElementDelegate.m; sourceTree = "<group>"; };
		550DF1BD1359A99700646B35 /* NSArray+XMLSerializableSupport.h */ = {isa = PBXFileReference; fileEncoding = 4; lastKnownFileType = sourcecode.c.h; path = "NSArray+XMLSerializableSupport.h"; sourceTree = "<group>"; };
		550DF1BE1359A99700646B35 /* NSArray+XMLSerializableSupport.m */ = {isa = PBXFileReference; fileEncoding = 4; lastKnownFileType = sourcecode.c.objc; path = "NSArray+XMLSerializableSupport.m"; sourceTree = "<group>"; };
		550DF1BF1359A99700646B35 /* NSDate+XMLSerializableSupport.h */ = {isa = PBXFileReference; fileEncoding = 4; lastKnownFileType = sourcecode.c.h; path = "NSDate+XMLSerializableSupport.h"; sourceTree = "<group>"; };
		550DF1C01359A99700646B35 /* NSDate+XMLSerializableSupport.m */ = {isa = PBXFileReference; fileEncoding = 4; lastKnownFileType = sourcecode.c.objc; path = "NSDate+XMLSerializableSupport.m"; sourceTree = "<group>"; };
		550DF1C11359A99700646B35 /* NSDictionary+XMLSerializableSupport.h */ = {isa = PBXFileReference; fileEncoding = 4; lastKnownFileType = sourcecode.c.h; path = "NSDictionary+XMLSerializableSupport.h"; sourceTree = "<group>"; };
		550DF1C21359A99700646B35 /* NSDictionary+XMLSerializableSupport.m */ = {isa = PBXFileReference; fileEncoding = 4; lastKnownFileType = sourcecode.c.objc; path = "NSDictionary+XMLSerializableSupport.m"; sourceTree = "<group>"; };
		550DF1C31359A99700646B35 /* NSNull+XMLSerializableSupport.h */ = {isa = PBXFileReference; fileEncoding = 4; lastKnownFileType = sourcecode.c.h; path = "NSNull+XMLSerializableSupport.h"; sourceTree = "<group>"; };
		550DF1C41359A99700646B35 /* NSNull+XMLSerializableSupport.m */ = {isa = PBXFileReference; fileEncoding = 4; lastKnownFileType = sourcecode.c.objc; path = "NSNull+XMLSerializableSupport.m"; sourceTree = "<group>"; };
		550DF1C51359A99700646B35 /* NSNumber+XMLSerializableSupport.h */ = {isa = PBXFileReference; fileEncoding = 4; lastKnownFileType = sourcecode.c.h; path = "NSNumber+XMLSerializableSupport.h"; sourceTree = "<group>"; };
		550DF1C61359A99700646B35 /* NSNumber+XMLSerializableSupport.m */ = {isa = PBXFileReference; fileEncoding = 4; lastKnownFileType = sourcecode.c.objc; path = "NSNumber+XMLSerializableSupport.m"; sourceTree = "<group>"; };
		550DF1C71359A99700646B35 /* NSObject+XMLSerializableSupport.h */ = {isa = PBXFileReference; fileEncoding = 4; lastKnownFileType = sourcecode.c.h; path = "NSObject+XMLSerializableSupport.h"; sourceTree = "<group>"; };
		550DF1C81359A99700646B35 /* NSObject+XMLSerializableSupport.m */ = {isa = PBXFileReference; fileEncoding = 4; lastKnownFileType = sourcecode.c.objc; path = "NSObject+XMLSerializableSupport.m"; sourceTree = "<group>"; };
		550DF1C91359A99700646B35 /* NSString+XMLSerializableSupport.h */ = {isa = PBXFileReference; fileEncoding = 4; lastKnownFileType = sourcecode.c.h; path = "NSString+XMLSerializableSupport.h"; sourceTree = "<group>"; };
		550DF1CA1359A99700646B35 /* NSString+XMLSerializableSupport.m */ = {isa = PBXFileReference; fileEncoding = 4; lastKnownFileType = sourcecode.c.objc; path = "NSString+XMLSerializableSupport.m"; sourceTree = "<group>"; };
		550DF1CB1359A99700646B35 /* XMLSerializable.h */ = {isa = PBXFileReference; fileEncoding = 4; lastKnownFileType = sourcecode.c.h; path = XMLSerializable.h; sourceTree = "<group>"; };
		550DF1CC1359A99700646B35 /* XMLSerializableSupport.h */ = {isa = PBXFileReference; fileEncoding = 4; lastKnownFileType = sourcecode.c.h; path = XMLSerializableSupport.h; sourceTree = "<group>"; };
		550DF1CD1359A99700646B35 /* ObjectiveResource.h */ = {isa = PBXFileReference; fileEncoding = 4; lastKnownFileType = sourcecode.c.h; path = ObjectiveResource.h; sourceTree = "<group>"; };
		550DF1CE1359A99700646B35 /* ObjectiveResourceConfig.h */ = {isa = PBXFileReference; fileEncoding = 4; lastKnownFileType = sourcecode.c.h; path = ObjectiveResourceConfig.h; sourceTree = "<group>"; };
		550DF1CF1359A99700646B35 /* ObjectiveResourceConfig.m */ = {isa = PBXFileReference; fileEncoding = 4; lastKnownFileType = sourcecode.c.objc; path = ObjectiveResourceConfig.m; sourceTree = "<group>"; };
		550DF1D01359A99700646B35 /* Response.h */ = {isa = PBXFileReference; fileEncoding = 4; lastKnownFileType = sourcecode.c.h; path = Response.h; sourceTree = "<group>"; };
		550DF1D11359A99700646B35 /* Response.m */ = {isa = PBXFileReference; fileEncoding = 4; lastKnownFileType = sourcecode.c.objc; path = Response.m; sourceTree = "<group>"; };
		557041CC13576CA30033D892 /* 19-gear.png */ = {isa = PBXFileReference; lastKnownFileType = image.png; path = "19-gear.png"; sourceTree = "<group>"; };
		557041CF13576CFA0033D892 /* 06-magnify.png */ = {isa = PBXFileReference; lastKnownFileType = image.png; path = "06-magnify.png"; sourceTree = "<group>"; };
		557041D113576D590033D892 /* 53-house.png */ = {isa = PBXFileReference; lastKnownFileType = image.png; path = "53-house.png"; sourceTree = "<group>"; };
		557041D3135783A10033D892 /* SearchViewController.h */ = {isa = PBXFileReference; fileEncoding = 4; lastKnownFileType = sourcecode.c.h; path = SearchViewController.h; sourceTree = "<group>"; };
		557041D4135783A10033D892 /* SearchViewController.m */ = {isa = PBXFileReference; fileEncoding = 4; lastKnownFileType = sourcecode.c.objc; path = SearchViewController.m; sourceTree = "<group>"; };
		557041D5135783A10033D892 /* SearchViewController.xib */ = {isa = PBXFileReference; fileEncoding = 4; lastKnownFileType = file.xib; path = SearchViewController.xib; sourceTree = "<group>"; };
		55983BC61350962A00483DAC /* SettingsViewController.h */ = {isa = PBXFileReference; fileEncoding = 4; lastKnownFileType = sourcecode.c.h; path = SettingsViewController.h; sourceTree = "<group>"; };
		55983BC71350962A00483DAC /* SettingsViewController.m */ = {isa = PBXFileReference; fileEncoding = 4; lastKnownFileType = sourcecode.c.objc; path = SettingsViewController.m; sourceTree = "<group>"; };
		55983BC81350962A00483DAC /* SettingsViewController.xib */ = {isa = PBXFileReference; fileEncoding = 4; lastKnownFileType = file.xib; path = SettingsViewController.xib; sourceTree = "<group>"; };
		55983BCB1351A3DE00483DAC /* Constants.h */ = {isa = PBXFileReference; fileEncoding = 4; lastKnownFileType = sourcecode.c.h; path = Constants.h; sourceTree = "<group>"; };
		55983BCC1351A3DE00483DAC /* Constants.m */ = {isa = PBXFileReference; fileEncoding = 4; lastKnownFileType = sourcecode.c.objc; path = Constants.m; sourceTree = "<group>"; };
		55983BCF1351A64100483DAC /* NSString+DBExtensions.h */ = {isa = PBXFileReference; fileEncoding = 4; lastKnownFileType = sourcecode.c.h; path = "NSString+DBExtensions.h"; sourceTree = "<group>"; };
		55983BD01351A64100483DAC /* NSString+DBExtensions.m */ = {isa = PBXFileReference; fileEncoding = 4; lastKnownFileType = sourcecode.c.objc; path = "NSString+DBExtensions.m"; sourceTree = "<group>"; };
		55983BD31353216C00483DAC /* ApplicationHelper.h */ = {isa = PBXFileReference; fileEncoding = 4; lastKnownFileType = sourcecode.c.h; path = ApplicationHelper.h; sourceTree = "<group>"; };
		55983BD41353216C00483DAC /* ApplicationHelper.m */ = {isa = PBXFileReference; fileEncoding = 4; lastKnownFileType = sourcecode.c.objc; path = ApplicationHelper.m; sourceTree = "<group>"; };
		55A2692E134C8D500051D97A /* CDataScanner.h */ = {isa = PBXFileReference; fileEncoding = 4; lastKnownFileType = sourcecode.c.h; path = CDataScanner.h; sourceTree = "<group>"; };
		55A2692F134C8D500051D97A /* CDataScanner.m */ = {isa = PBXFileReference; fileEncoding = 4; lastKnownFileType = sourcecode.c.objc; path = CDataScanner.m; sourceTree = "<group>"; };
		55A26931134C8D500051D97A /* CDataScanner_Extensions.h */ = {isa = PBXFileReference; fileEncoding = 4; lastKnownFileType = sourcecode.c.h; path = CDataScanner_Extensions.h; sourceTree = "<group>"; };
		55A26932134C8D500051D97A /* CDataScanner_Extensions.m */ = {isa = PBXFileReference; fileEncoding = 4; lastKnownFileType = sourcecode.c.objc; path = CDataScanner_Extensions.m; sourceTree = "<group>"; };
		55A26933134C8D500051D97A /* NSCharacterSet_Extensions.h */ = {isa = PBXFileReference; fileEncoding = 4; lastKnownFileType = sourcecode.c.h; path = NSCharacterSet_Extensions.h; sourceTree = "<group>"; };
		55A26934134C8D500051D97A /* NSCharacterSet_Extensions.m */ = {isa = PBXFileReference; fileEncoding = 4; lastKnownFileType = sourcecode.c.objc; path = NSCharacterSet_Extensions.m; sourceTree = "<group>"; };
		55A26935134C8D500051D97A /* NSDictionary_JSONExtensions.h */ = {isa = PBXFileReference; fileEncoding = 4; lastKnownFileType = sourcecode.c.h; path = NSDictionary_JSONExtensions.h; sourceTree = "<group>"; };
		55A26936134C8D500051D97A /* NSDictionary_JSONExtensions.m */ = {isa = PBXFileReference; fileEncoding = 4; lastKnownFileType = sourcecode.c.objc; path = NSDictionary_JSONExtensions.m; sourceTree = "<group>"; };
		55A26937134C8D500051D97A /* NSScanner_Extensions.h */ = {isa = PBXFileReference; fileEncoding = 4; lastKnownFileType = sourcecode.c.h; path = NSScanner_Extensions.h; sourceTree = "<group>"; };
		55A26938134C8D500051D97A /* NSScanner_Extensions.m */ = {isa = PBXFileReference; fileEncoding = 4; lastKnownFileType = sourcecode.c.objc; path = NSScanner_Extensions.m; sourceTree = "<group>"; };
		55A2693A134C8D500051D97A /* CJSONDataSerializer.h */ = {isa = PBXFileReference; fileEncoding = 4; lastKnownFileType = sourcecode.c.h; path = CJSONDataSerializer.h; sourceTree = "<group>"; };
		55A2693B134C8D500051D97A /* CJSONDataSerializer.m */ = {isa = PBXFileReference; fileEncoding = 4; lastKnownFileType = sourcecode.c.objc; path = CJSONDataSerializer.m; sourceTree = "<group>"; };
		55A2693C134C8D500051D97A /* CJSONDeserializer.h */ = {isa = PBXFileReference; fileEncoding = 4; lastKnownFileType = sourcecode.c.h; path = CJSONDeserializer.h; sourceTree = "<group>"; };
		55A2693D134C8D500051D97A /* CJSONDeserializer.m */ = {isa = PBXFileReference; fileEncoding = 4; lastKnownFileType = sourcecode.c.objc; path = CJSONDeserializer.m; sourceTree = "<group>"; };
		55A2693E134C8D500051D97A /* CJSONScanner.h */ = {isa = PBXFileReference; fileEncoding = 4; lastKnownFileType = sourcecode.c.h; path = CJSONScanner.h; sourceTree = "<group>"; };
		55A2693F134C8D500051D97A /* CJSONScanner.m */ = {isa = PBXFileReference; fileEncoding = 4; lastKnownFileType = sourcecode.c.objc; path = CJSONScanner.m; sourceTree = "<group>"; };
		55A26940134C8D500051D97A /* CJSONSerializer.h */ = {isa = PBXFileReference; fileEncoding = 4; lastKnownFileType = sourcecode.c.h; path = CJSONSerializer.h; sourceTree = "<group>"; };
		55A26941134C8D500051D97A /* CJSONSerializer.m */ = {isa = PBXFileReference; fileEncoding = 4; lastKnownFileType = sourcecode.c.objc; path = CJSONSerializer.m; sourceTree = "<group>"; };
		55A26942134C8D500051D97A /* CSerializedJSONData.h */ = {isa = PBXFileReference; fileEncoding = 4; lastKnownFileType = sourcecode.c.h; path = CSerializedJSONData.h; sourceTree = "<group>"; };
		55A26943134C8D500051D97A /* CSerializedJSONData.m */ = {isa = PBXFileReference; fileEncoding = 4; lastKnownFileType = sourcecode.c.objc; path = CSerializedJSONData.m; sourceTree = "<group>"; };
		55A26944134C8D500051D97A /* License.rtf */ = {isa = PBXFileReference; fileEncoding = 4; lastKnownFileType = text.rtf; path = License.rtf; sourceTree = "<group>"; };
		55A26946134C8D500051D97A /* NSArray+Utilities.h */ = {isa = PBXFileReference; fileEncoding = 4; lastKnownFileType = sourcecode.c.h; path = "NSArray+Utilities.h"; sourceTree = "<group>"; };
		55A26947134C8D500051D97A /* NSArray+Utilities.m */ = {isa = PBXFileReference; fileEncoding = 4; lastKnownFileType = sourcecode.c.objc; path = "NSArray+Utilities.m"; sourceTree = "<group>"; };
		55A26948134C8D500051D97A /* NSData+Base64.h */ = {isa = PBXFileReference; fileEncoding = 4; lastKnownFileType = sourcecode.c.h; path = "NSData+Base64.h"; sourceTree = "<group>"; };
		55A26949134C8D500051D97A /* NSData+Base64.m */ = {isa = PBXFileReference; fileEncoding = 4; lastKnownFileType = sourcecode.c.objc; path = "NSData+Base64.m"; sourceTree = "<group>"; };
		55A2694A134C8D500051D97A /* NSString+UAGithubEngineUtilities.h */ = {isa = PBXFileReference; fileEncoding = 4; lastKnownFileType = sourcecode.c.h; path = "NSString+UAGithubEngineUtilities.h"; sourceTree = "<group>"; };
		55A2694B134C8D500051D97A /* NSString+UAGithubEngineUtilities.m */ = {isa = PBXFileReference; fileEncoding = 4; lastKnownFileType = sourcecode.c.objc; path = "NSString+UAGithubEngineUtilities.m"; sourceTree = "<group>"; };
		55A2694C134C8D500051D97A /* NSString+UUID.h */ = {isa = PBXFileReference; fileEncoding = 4; lastKnownFileType = sourcecode.c.h; path = "NSString+UUID.h"; sourceTree = "<group>"; };
		55A2694D134C8D500051D97A /* NSString+UUID.m */ = {isa = PBXFileReference; fileEncoding = 4; lastKnownFileType = sourcecode.c.objc; path = "NSString+UUID.m"; sourceTree = "<group>"; };
		55A2694E134C8D500051D97A /* UAGithubCommitsJSONParser.h */ = {isa = PBXFileReference; fileEncoding = 4; lastKnownFileType = sourcecode.c.h; path = UAGithubCommitsJSONParser.h; sourceTree = "<group>"; };
		55A2694F134C8D500051D97A /* UAGithubCommitsJSONParser.m */ = {isa = PBXFileReference; fileEncoding = 4; lastKnownFileType = sourcecode.c.objc; path = UAGithubCommitsJSONParser.m; sourceTree = "<group>"; };
		55A26950134C8D500051D97A /* UAGithubEngine.h */ = {isa = PBXFileReference; fileEncoding = 4; lastKnownFileType = sourcecode.c.h; path = UAGithubEngine.h; sourceTree = "<group>"; };
		55A26951134C8D500051D97A /* UAGithubEngine.m */ = {isa = PBXFileReference; fileEncoding = 4; lastKnownFileType = sourcecode.c.objc; path = UAGithubEngine.m; sourceTree = "<group>"; };
		55A26952134C8D500051D97A /* UAGithubEngineConstants.h */ = {isa = PBXFileReference; fileEncoding = 4; lastKnownFileType = sourcecode.c.h; path = UAGithubEngineConstants.h; sourceTree = "<group>"; };
		55A26953134C8D500051D97A /* UAGithubEngineConstants.m */ = {isa = PBXFileReference; fileEncoding = 4; lastKnownFileType = sourcecode.c.objc; path = UAGithubEngineConstants.m; sourceTree = "<group>"; };
		55A26954134C8D500051D97A /* UAGithubEngineDelegate.h */ = {isa = PBXFileReference; fileEncoding = 4; lastKnownFileType = sourcecode.c.h; path = UAGithubEngineDelegate.h; sourceTree = "<group>"; };
		55A26955134C8D500051D97A /* UAGithubEngineRequestTypes.h */ = {isa = PBXFileReference; fileEncoding = 4; lastKnownFileType = sourcecode.c.h; path = UAGithubEngineRequestTypes.h; sourceTree = "<group>"; };
		55A26956134C8D500051D97A /* UAGithubIssueCommentsJSONParser.h */ = {isa = PBXFileReference; fileEncoding = 4; lastKnownFileType = sourcecode.c.h; path = UAGithubIssueCommentsJSONParser.h; sourceTree = "<group>"; };
		55A26957134C8D500051D97A /* UAGithubIssueCommentsJSONParser.m */ = {isa = PBXFileReference; fileEncoding = 4; lastKnownFileType = sourcecode.c.objc; path = UAGithubIssueCommentsJSONParser.m; sourceTree = "<group>"; };
		55A26958134C8D500051D97A /* UAGithubIssuesJSONParser.h */ = {isa = PBXFileReference; fileEncoding = 4; lastKnownFileType = sourcecode.c.h; path = UAGithubIssuesJSONParser.h; sourceTree = "<group>"; };
		55A26959134C8D500051D97A /* UAGithubIssuesJSONParser.m */ = {isa = PBXFileReference; fileEncoding = 4; lastKnownFileType = sourcecode.c.objc; path = UAGithubIssuesJSONParser.m; sourceTree = "<group>"; };
		55A2695A134C8D500051D97A /* UAGithubJSONParser.h */ = {isa = PBXFileReference; fileEncoding = 4; lastKnownFileType = sourcecode.c.h; path = UAGithubJSONParser.h; sourceTree = "<group>"; };
		55A2695B134C8D500051D97A /* UAGithubJSONParser.m */ = {isa = PBXFileReference; fileEncoding = 4; lastKnownFileType = sourcecode.c.objc; path = UAGithubJSONParser.m; sourceTree = "<group>"; };
		55A2695C134C8D500051D97A /* UAGithubParserDelegate.h */ = {isa = PBXFileReference; fileEncoding = 4; lastKnownFileType = sourcecode.c.h; path = UAGithubParserDelegate.h; sourceTree = "<group>"; };
		55A2695D134C8D500051D97A /* UAGithubRepositoriesJSONParser.h */ = {isa = PBXFileReference; fileEncoding = 4; lastKnownFileType = sourcecode.c.h; path = UAGithubRepositoriesJSONParser.h; sourceTree = "<group>"; };
		55A2695E134C8D500051D97A /* UAGithubRepositoriesJSONParser.m */ = {isa = PBXFileReference; fileEncoding = 4; lastKnownFileType = sourcecode.c.objc; path = UAGithubRepositoriesJSONParser.m; sourceTree = "<group>"; };
		55A2695F134C8D500051D97A /* UAGithubSimpleJSONParser.h */ = {isa = PBXFileReference; fileEncoding = 4; lastKnownFileType = sourcecode.c.h; path = UAGithubSimpleJSONParser.h; sourceTree = "<group>"; };
		55A26960134C8D500051D97A /* UAGithubSimpleJSONParser.m */ = {isa = PBXFileReference; fileEncoding = 4; lastKnownFileType = sourcecode.c.objc; path = UAGithubSimpleJSONParser.m; sourceTree = "<group>"; };
		55A26961134C8D500051D97A /* UAGithubURLConnection.h */ = {isa = PBXFileReference; fileEncoding = 4; lastKnownFileType = sourcecode.c.h; path = UAGithubURLConnection.h; sourceTree = "<group>"; };
		55A26962134C8D500051D97A /* UAGithubURLConnection.m */ = {isa = PBXFileReference; fileEncoding = 4; lastKnownFileType = sourcecode.c.objc; path = UAGithubURLConnection.m; sourceTree = "<group>"; };
		55A26963134C8D500051D97A /* UAGithubUsersJSONParser.h */ = {isa = PBXFileReference; fileEncoding = 4; lastKnownFileType = sourcecode.c.h; path = UAGithubUsersJSONParser.h; sourceTree = "<group>"; };
		55A26964134C8D500051D97A /* UAGithubUsersJSONParser.m */ = {isa = PBXFileReference; fileEncoding = 4; lastKnownFileType = sourcecode.c.objc; path = UAGithubUsersJSONParser.m; sourceTree = "<group>"; };
		55A26965134C8D500051D97A /* UAReachability.h */ = {isa = PBXFileReference; fileEncoding = 4; lastKnownFileType = sourcecode.c.h; path = UAReachability.h; sourceTree = "<group>"; };
		55A26966134C8D500051D97A /* UAReachability.m */ = {isa = PBXFileReference; fileEncoding = 4; lastKnownFileType = sourcecode.c.objc; path = UAReachability.m; sourceTree = "<group>"; };
		55A26983134C95B70051D97A /* private.png */ = {isa = PBXFileReference; lastKnownFileType = image.png; path = private.png; sourceTree = "<group>"; };
		55A26984134C95B70051D97A /* public.png */ = {isa = PBXFileReference; lastKnownFileType = image.png; path = public.png; sourceTree = "<group>"; };
		55A26995134CC4CF0051D97A /* full_screen.png */ = {isa = PBXFileReference; lastKnownFileType = image.png; path = full_screen.png; sourceTree = "<group>"; };
		55A2699C134E5FD40051D97A /* FullScreenViewController.h */ = {isa = PBXFileReference; fileEncoding = 4; lastKnownFileType = sourcecode.c.h; path = FullScreenViewController.h; sourceTree = "<group>"; };
		55A2699D134E5FD40051D97A /* FullScreenViewController.m */ = {isa = PBXFileReference; fileEncoding = 4; lastKnownFileType = sourcecode.c.objc; path = FullScreenViewController.m; sourceTree = "<group>"; };
		55A2699E134E5FD40051D97A /* FullScreenViewController.xib */ = {isa = PBXFileReference; fileEncoding = 4; lastKnownFileType = file.xib; path = FullScreenViewController.xib; sourceTree = "<group>"; };
		55C02D41134C775A00606C13 /* GithubBrowser.app */ = {isa = PBXFileReference; explicitFileType = wrapper.application; includeInIndex = 0; path = GithubBrowser.app; sourceTree = BUILT_PRODUCTS_DIR; };
		55C02D45134C775A00606C13 /* UIKit.framework */ = {isa = PBXFileReference; lastKnownFileType = wrapper.framework; name = UIKit.framework; path = System/Library/Frameworks/UIKit.framework; sourceTree = SDKROOT; };
		55C02D47134C775A00606C13 /* Foundation.framework */ = {isa = PBXFileReference; lastKnownFileType = wrapper.framework; name = Foundation.framework; path = System/Library/Frameworks/Foundation.framework; sourceTree = SDKROOT; };
		55C02D49134C775A00606C13 /* CoreGraphics.framework */ = {isa = PBXFileReference; lastKnownFileType = wrapper.framework; name = CoreGraphics.framework; path = System/Library/Frameworks/CoreGraphics.framework; sourceTree = SDKROOT; };
		55C02D4D134C775A00606C13 /* GithubBrowser-Info.plist */ = {isa = PBXFileReference; lastKnownFileType = text.plist.xml; path = "GithubBrowser-Info.plist"; sourceTree = "<group>"; };
		55C02D4F134C775A00606C13 /* en */ = {isa = PBXFileReference; lastKnownFileType = text.plist.strings; name = en; path = en.lproj/InfoPlist.strings; sourceTree = "<group>"; };
		55C02D51134C775A00606C13 /* GithubBrowser-Prefix.pch */ = {isa = PBXFileReference; lastKnownFileType = sourcecode.c.h; path = "GithubBrowser-Prefix.pch"; sourceTree = "<group>"; };
		55C02D52134C775A00606C13 /* main.m */ = {isa = PBXFileReference; lastKnownFileType = sourcecode.c.objc; path = main.m; sourceTree = "<group>"; };
		55C02D54134C775A00606C13 /* GithubBrowserAppDelegate.h */ = {isa = PBXFileReference; lastKnownFileType = sourcecode.c.h; path = GithubBrowserAppDelegate.h; sourceTree = "<group>"; };
		55C02D55134C775A00606C13 /* GithubBrowserAppDelegate.m */ = {isa = PBXFileReference; lastKnownFileType = sourcecode.c.objc; path = GithubBrowserAppDelegate.m; sourceTree = "<group>"; };
		55C02D58134C775B00606C13 /* en */ = {isa = PBXFileReference; lastKnownFileType = file.xib; name = en; path = en.lproj/MainWindow.xib; sourceTree = "<group>"; };
		55C02D5A134C775B00606C13 /* DetailViewController.h */ = {isa = PBXFileReference; lastKnownFileType = sourcecode.c.h; path = DetailViewController.h; sourceTree = "<group>"; };
		55C02D5B134C775B00606C13 /* DetailViewController.m */ = {isa = PBXFileReference; lastKnownFileType = sourcecode.c.objc; path = DetailViewController.m; sourceTree = "<group>"; };
		55C02D5E134C775B00606C13 /* en */ = {isa = PBXFileReference; lastKnownFileType = file.xib; name = en; path = en.lproj/DetailView.xib; sourceTree = "<group>"; };
		55C02D60134C775B00606C13 /* RootViewController.h */ = {isa = PBXFileReference; lastKnownFileType = sourcecode.c.h; path = RootViewController.h; sourceTree = "<group>"; };
		55C02D61134C775B00606C13 /* RootViewController.m */ = {isa = PBXFileReference; lastKnownFileType = sourcecode.c.objc; path = RootViewController.m; sourceTree = "<group>"; };
/* End PBXFileReference section */

/* Begin PBXFrameworksBuildPhase section */
		55C02D3E134C775A00606C13 /* Frameworks */ = {
			isa = PBXFrameworksBuildPhase;
			buildActionMask = 2147483647;
			files = (
				55C02D46134C775A00606C13 /* UIKit.framework in Frameworks */,
				55C02D48134C775A00606C13 /* Foundation.framework in Frameworks */,
				55C02D4A134C775A00606C13 /* CoreGraphics.framework in Frameworks */,
			);
			runOnlyForDeploymentPostprocessing = 0;
		};
/* End PBXFrameworksBuildPhase section */

/* Begin PBXGroup section */
		550DF1831359A95C00646B35 /* Vendor */ = {
			isa = PBXGroup;
			children = (
				550DF1851359A99700646B35 /* objective_resource */,
				55983BCE1351A64100483DAC /* NSStringExtensions */,
				55A2692D134C8D500051D97A /* Github Api */,
			);
			name = Vendor;
			sourceTree = "<group>";
		};
		550DF1851359A99700646B35 /* objective_resource */ = {
			isa = PBXGroup;
			children = (
				550DF1861359A99700646B35 /* Connection.h */,
				550DF1871359A99700646B35 /* Connection.m */,
				550DF1881359A99700646B35 /* ConnectionDelegate.h */,
				550DF1891359A99700646B35 /* ConnectionDelegate.m */,
				550DF18A1359A99700646B35 /* NSHTTPURLResponse+Error.h */,
				550DF18B1359A99700646B35 /* NSHTTPURLResponse+Error.m */,
				550DF18C1359A99700646B35 /* NSMutableURLRequest+ResponseType.h */,
				550DF18D1359A99700646B35 /* NSMutableURLRequest+ResponseType.m */,
				550DF18E1359A99700646B35 /* NSObject+ObjectiveResource.h */,
				550DF18F1359A99700646B35 /* NSObject+ObjectiveResource.m */,
				550DF1901359A99700646B35 /* objective_support */,
				550DF1CD1359A99700646B35 /* ObjectiveResource.h */,
				550DF1CE1359A99700646B35 /* ObjectiveResourceConfig.h */,
				550DF1CF1359A99700646B35 /* ObjectiveResourceConfig.m */,
				550DF1D01359A99700646B35 /* Response.h */,
				550DF1D11359A99700646B35 /* Response.m */,
			);
			path = objective_resource;
			sourceTree = "<group>";
		};
		550DF1901359A99700646B35 /* objective_support */ = {
			isa = PBXGroup;
			children = (
				550DF1911359A99700646B35 /* Core */,
				550DF19F1359A99700646B35 /* json-framework */,
				550DF1A71359A99700646B35 /* Serialization */,
			);
			path = objective_support;
			sourceTree = "<group>";
		};
		550DF1911359A99700646B35 /* Core */ = {
			isa = PBXGroup;
			children = (
				550DF1921359A99700646B35 /* CoreSupport.h */,
				550DF1931359A99700646B35 /* Inflections */,
				550DF1961359A99700646B35 /* NSData+Additions.h */,
				550DF1971359A99700646B35 /* NSData+Additions.m */,
				550DF1981359A99700646B35 /* NSObject+PropertySupport.h */,
				550DF1991359A99700646B35 /* NSObject+PropertySupport.m */,
				550DF19A1359A99700646B35 /* NSString+GSub.h */,
				550DF19B1359A99700646B35 /* NSString+GSub.m */,
				550DF19C1359A99700646B35 /* ObjectiveResourceDateFormatter.h */,
				550DF19D1359A99700646B35 /* ObjectiveResourceDateFormatter.m */,
				550DF19E1359A99700646B35 /* ObjectiveSupport.h */,
			);
			path = Core;
			sourceTree = "<group>";
		};
		550DF1931359A99700646B35 /* Inflections */ = {
			isa = PBXGroup;
			children = (
				550DF1941359A99700646B35 /* NSString+InflectionSupport.h */,
				550DF1951359A99700646B35 /* NSString+InflectionSupport.m */,
			);
			path = Inflections;
			sourceTree = "<group>";
		};
		550DF19F1359A99700646B35 /* json-framework */ = {
			isa = PBXGroup;
			children = (
				550DF1A01359A99700646B35 /* JSONFramework.h */,
				550DF1A11359A99700646B35 /* NSObject+SBJSON.h */,
				550DF1A21359A99700646B35 /* NSObject+SBJSON.m */,
				550DF1A31359A99700646B35 /* NSString+SBJSON.h */,
				550DF1A41359A99700646B35 /* NSString+SBJSON.m */,
				550DF1A51359A99700646B35 /* SBJSON.h */,
				550DF1A61359A99700646B35 /* SBJSON.m */,
			);
			path = "json-framework";
			sourceTree = "<group>";
		};
		550DF1A71359A99700646B35 /* Serialization */ = {
			isa = PBXGroup;
			children = (
				550DF1A81359A99700646B35 /* JSON */,
				550DF1B11359A99700646B35 /* NSDate+Serialize.h */,
				550DF1B21359A99700646B35 /* NSDate+Serialize.m */,
				550DF1B31359A99700646B35 /* NSDictionary+KeyTranslation.h */,
				550DF1B41359A99700646B35 /* NSDictionary+KeyTranslation.m */,
				550DF1B51359A99700646B35 /* NSObject+Serialize.h */,
				550DF1B61359A99700646B35 /* NSObject+Serialize.m */,
				550DF1B71359A99700646B35 /* NSString+Serialize.h */,
				550DF1B81359A99700646B35 /* NSString+Serialize.m */,
				550DF1B91359A99700646B35 /* Serialize.h */,
				550DF1BA1359A99700646B35 /* XML */,
			);
			path = Serialization;
			sourceTree = "<group>";
		};
		550DF1A81359A99700646B35 /* JSON */ = {
			isa = PBXGroup;
			children = (
				550DF1A91359A99700646B35 /* JSONSerializable.h */,
				550DF1AA1359A99700646B35 /* JSONSerializableSupport.h */,
				550DF1AB1359A99700646B35 /* NSArray+JSONSerializableSupport.h */,
				550DF1AC1359A99700646B35 /* NSArray+JSONSerializableSupport.m */,
				550DF1AD1359A99700646B35 /* NSDictionary+JSONSerializableSupport.h */,
				550DF1AE1359A99700646B35 /* NSDictionary+JSONSerializableSupport.m */,
				550DF1AF1359A99700646B35 /* NSObject+JSONSerializableSupport.h */,
				550DF1B01359A99700646B35 /* NSObject+JSONSerializableSupport.m */,
			);
			path = JSON;
			sourceTree = "<group>";
		};
		550DF1BA1359A99700646B35 /* XML */ = {
			isa = PBXGroup;
			children = (
				550DF1BB1359A99700646B35 /* FromXMLElementDelegate.h */,
				550DF1BC1359A99700646B35 /* FromXMLElementDelegate.m */,
				550DF1BD1359A99700646B35 /* NSArray+XMLSerializableSupport.h */,
				550DF1BE1359A99700646B35 /* NSArray+XMLSerializableSupport.m */,
				550DF1BF1359A99700646B35 /* NSDate+XMLSerializableSupport.h */,
				550DF1C01359A99700646B35 /* NSDate+XMLSerializableSupport.m */,
				550DF1C11359A99700646B35 /* NSDictionary+XMLSerializableSupport.h */,
				550DF1C21359A99700646B35 /* NSDictionary+XMLSerializableSupport.m */,
				550DF1C31359A99700646B35 /* NSNull+XMLSerializableSupport.h */,
				550DF1C41359A99700646B35 /* NSNull+XMLSerializableSupport.m */,
				550DF1C51359A99700646B35 /* NSNumber+XMLSerializableSupport.h */,
				550DF1C61359A99700646B35 /* NSNumber+XMLSerializableSupport.m */,
				550DF1C71359A99700646B35 /* NSObject+XMLSerializableSupport.h */,
				550DF1C81359A99700646B35 /* NSObject+XMLSerializableSupport.m */,
				550DF1C91359A99700646B35 /* NSString+XMLSerializableSupport.h */,
				550DF1CA1359A99700646B35 /* NSString+XMLSerializableSupport.m */,
				550DF1CB1359A99700646B35 /* XMLSerializable.h */,
				550DF1CC1359A99700646B35 /* XMLSerializableSupport.h */,
			);
			path = XML;
			sourceTree = "<group>";
		};
		55983BCE1351A64100483DAC /* NSStringExtensions */ = {
			isa = PBXGroup;
			children = (
				55983BCF1351A64100483DAC /* NSString+DBExtensions.h */,
				55983BD01351A64100483DAC /* NSString+DBExtensions.m */,
			);
			path = NSStringExtensions;
			sourceTree = "<group>";
		};
		55983BD213530CFA00483DAC /* Resources */ = {
			isa = PBXGroup;
			children = (
				55A2699E134E5FD40051D97A /* FullScreenViewController.xib */,
				55983BC81350962A00483DAC /* SettingsViewController.xib */,
				55C02D5D134C775B00606C13 /* DetailView.xib */,
				55C02D57134C775B00606C13 /* MainWindow.xib */,
				557041D5135783A10033D892 /* SearchViewController.xib */,
			);
			name = Resources;
			sourceTree = "<group>";
		};
		55A2692D134C8D500051D97A /* Github Api */ = {
			isa = PBXGroup;
			children = (
				55A2692E134C8D500051D97A /* CDataScanner.h */,
				55A2692F134C8D500051D97A /* CDataScanner.m */,
				55A26930134C8D500051D97A /* Extensions */,
				55A26939134C8D500051D97A /* JSON */,
				55A26944134C8D500051D97A /* License.rtf */,
				55A26946134C8D500051D97A /* NSArray+Utilities.h */,
				55A26947134C8D500051D97A /* NSArray+Utilities.m */,
				55A26948134C8D500051D97A /* NSData+Base64.h */,
				55A26949134C8D500051D97A /* NSData+Base64.m */,
				55A2694A134C8D500051D97A /* NSString+UAGithubEngineUtilities.h */,
				55A2694B134C8D500051D97A /* NSString+UAGithubEngineUtilities.m */,
				55A2694C134C8D500051D97A /* NSString+UUID.h */,
				55A2694D134C8D500051D97A /* NSString+UUID.m */,
				55A2694E134C8D500051D97A /* UAGithubCommitsJSONParser.h */,
				55A2694F134C8D500051D97A /* UAGithubCommitsJSONParser.m */,
				55A26950134C8D500051D97A /* UAGithubEngine.h */,
				55A26951134C8D500051D97A /* UAGithubEngine.m */,
				55A26952134C8D500051D97A /* UAGithubEngineConstants.h */,
				55A26953134C8D500051D97A /* UAGithubEngineConstants.m */,
				55A26954134C8D500051D97A /* UAGithubEngineDelegate.h */,
				55A26955134C8D500051D97A /* UAGithubEngineRequestTypes.h */,
				55A26956134C8D500051D97A /* UAGithubIssueCommentsJSONParser.h */,
				55A26957134C8D500051D97A /* UAGithubIssueCommentsJSONParser.m */,
				55A26958134C8D500051D97A /* UAGithubIssuesJSONParser.h */,
				55A26959134C8D500051D97A /* UAGithubIssuesJSONParser.m */,
				55A2695A134C8D500051D97A /* UAGithubJSONParser.h */,
				55A2695B134C8D500051D97A /* UAGithubJSONParser.m */,
				55A2695C134C8D500051D97A /* UAGithubParserDelegate.h */,
				55A2695D134C8D500051D97A /* UAGithubRepositoriesJSONParser.h */,
				55A2695E134C8D500051D97A /* UAGithubRepositoriesJSONParser.m */,
				55A2695F134C8D500051D97A /* UAGithubSimpleJSONParser.h */,
				55A26960134C8D500051D97A /* UAGithubSimpleJSONParser.m */,
				55A26961134C8D500051D97A /* UAGithubURLConnection.h */,
				55A26962134C8D500051D97A /* UAGithubURLConnection.m */,
				55A26963134C8D500051D97A /* UAGithubUsersJSONParser.h */,
				55A26964134C8D500051D97A /* UAGithubUsersJSONParser.m */,
				55A26965134C8D500051D97A /* UAReachability.h */,
				55A26966134C8D500051D97A /* UAReachability.m */,
			);
			path = "Github Api";
			sourceTree = "<group>";
		};
		55A26930134C8D500051D97A /* Extensions */ = {
			isa = PBXGroup;
			children = (
				55A26931134C8D500051D97A /* CDataScanner_Extensions.h */,
				55A26932134C8D500051D97A /* CDataScanner_Extensions.m */,
				55A26933134C8D500051D97A /* NSCharacterSet_Extensions.h */,
				55A26934134C8D500051D97A /* NSCharacterSet_Extensions.m */,
				55A26935134C8D500051D97A /* NSDictionary_JSONExtensions.h */,
				55A26936134C8D500051D97A /* NSDictionary_JSONExtensions.m */,
				55A26937134C8D500051D97A /* NSScanner_Extensions.h */,
				55A26938134C8D500051D97A /* NSScanner_Extensions.m */,
			);
			path = Extensions;
			sourceTree = "<group>";
		};
		55A26939134C8D500051D97A /* JSON */ = {
			isa = PBXGroup;
			children = (
				55A2693A134C8D500051D97A /* CJSONDataSerializer.h */,
				55A2693B134C8D500051D97A /* CJSONDataSerializer.m */,
				55A2693C134C8D500051D97A /* CJSONDeserializer.h */,
				55A2693D134C8D500051D97A /* CJSONDeserializer.m */,
				55A2693E134C8D500051D97A /* CJSONScanner.h */,
				55A2693F134C8D500051D97A /* CJSONScanner.m */,
				55A26940134C8D500051D97A /* CJSONSerializer.h */,
				55A26941134C8D500051D97A /* CJSONSerializer.m */,
				55A26942134C8D500051D97A /* CSerializedJSONData.h */,
				55A26943134C8D500051D97A /* CSerializedJSONData.m */,
			);
			path = JSON;
			sourceTree = "<group>";
		};
		55A26982134C958F0051D97A /* Images */ = {
			isa = PBXGroup;
			children = (
				557041CF13576CFA0033D892 /* 06-magnify.png */,
				557041CC13576CA30033D892 /* 19-gear.png */,
				557041D113576D590033D892 /* 53-house.png */,
				55A26983134C95B70051D97A /* private.png */,
				55A26984134C95B70051D97A /* public.png */,
				550C7EAB1356393E009588FB /* private-fork.png */,
				550C7EAC1356393E009588FB /* public-fork.png */,
				55A26995134CC4CF0051D97A /* full_screen.png */,
			);
			name = Images;
			path = GithubBrowser/Images;
			sourceTree = "<group>";
		};
		55C02D36134C775A00606C13 = {
			isa = PBXGroup;
			children = (
				55A26982134C958F0051D97A /* Images */,
				55C02D4B134C775A00606C13 /* GithubBrowser */,
				55C02D44134C775A00606C13 /* Frameworks */,
				55C02D42134C775A00606C13 /* Products */,
			);
			sourceTree = "<group>";
		};
		55C02D42134C775A00606C13 /* Products */ = {
			isa = PBXGroup;
			children = (
				55C02D41134C775A00606C13 /* GithubBrowser.app */,
			);
			name = Products;
			sourceTree = "<group>";
		};
		55C02D44134C775A00606C13 /* Frameworks */ = {
			isa = PBXGroup;
			children = (
				55C02D45134C775A00606C13 /* UIKit.framework */,
				55C02D47134C775A00606C13 /* Foundation.framework */,
				55C02D49134C775A00606C13 /* CoreGraphics.framework */,
			);
			name = Frameworks;
			sourceTree = "<group>";
		};
		55C02D4B134C775A00606C13 /* GithubBrowser */ = {
			isa = PBXGroup;
			children = (
				550DF1831359A95C00646B35 /* Vendor */,
				55C02D54134C775A00606C13 /* GithubBrowserAppDelegate.h */,
				55C02D55134C775A00606C13 /* GithubBrowserAppDelegate.m */,
				55C02D5A134C775B00606C13 /* DetailViewController.h */,
				55C02D5B134C775B00606C13 /* DetailViewController.m */,
				55C02D60134C775B00606C13 /* RootViewController.h */,
				55C02D61134C775B00606C13 /* RootViewController.m */,
				55A2699C134E5FD40051D97A /* FullScreenViewController.h */,
				55A2699D134E5FD40051D97A /* FullScreenViewController.m */,
				55983BC61350962A00483DAC /* SettingsViewController.h */,
				55983BC71350962A00483DAC /* SettingsViewController.m */,
				557041D3135783A10033D892 /* SearchViewController.h */,
				557041D4135783A10033D892 /* SearchViewController.m */,
				55983BCB1351A3DE00483DAC /* Constants.h */,
				55983BCC1351A3DE00483DAC /* Constants.m */,
				55983BD31353216C00483DAC /* ApplicationHelper.h */,
				55983BD41353216C00483DAC /* ApplicationHelper.m */,
				55C02D4C134C775A00606C13 /* Supporting Files */,
				55983BD213530CFA00483DAC /* Resources */,
			);
			path = GithubBrowser;
			sourceTree = "<group>";
		};
		55C02D4C134C775A00606C13 /* Supporting Files */ = {
			isa = PBXGroup;
			children = (
				55C02D4D134C775A00606C13 /* GithubBrowser-Info.plist */,
				55C02D4E134C775A00606C13 /* InfoPlist.strings */,
				55C02D51134C775A00606C13 /* GithubBrowser-Prefix.pch */,
				55C02D52134C775A00606C13 /* main.m */,
			);
			name = "Supporting Files";
			sourceTree = "<group>";
		};
/* End PBXGroup section */

/* Begin PBXNativeTarget section */
		55C02D40134C775A00606C13 /* GithubBrowser */ = {
			isa = PBXNativeTarget;
			buildConfigurationList = 55C02D65134C775B00606C13 /* Build configuration list for PBXNativeTarget "GithubBrowser" */;
			buildPhases = (
				55C02D3D134C775A00606C13 /* Sources */,
				55C02D3E134C775A00606C13 /* Frameworks */,
				55C02D3F134C775A00606C13 /* Resources */,
			);
			buildRules = (
			);
			dependencies = (
			);
			name = GithubBrowser;
			productName = GithubBrowser;
			productReference = 55C02D41134C775A00606C13 /* GithubBrowser.app */;
			productType = "com.apple.product-type.application";
		};
/* End PBXNativeTarget section */

/* Begin PBXProject section */
		55C02D38134C775A00606C13 /* Project object */ = {
			isa = PBXProject;
			attributes = {
				ORGANIZATIONNAME = DibiStore;
			};
			buildConfigurationList = 55C02D3B134C775A00606C13 /* Build configuration list for PBXProject "GithubBrowser" */;
			compatibilityVersion = "Xcode 3.2";
			developmentRegion = English;
			hasScannedForEncodings = 0;
			knownRegions = (
				en,
			);
			mainGroup = 55C02D36134C775A00606C13;
			productRefGroup = 55C02D42134C775A00606C13 /* Products */;
			projectDirPath = "";
			projectRoot = "";
			targets = (
				55C02D40134C775A00606C13 /* GithubBrowser */,
			);
		};
/* End PBXProject section */

/* Begin PBXResourcesBuildPhase section */
		55C02D3F134C775A00606C13 /* Resources */ = {
			isa = PBXResourcesBuildPhase;
			buildActionMask = 2147483647;
			files = (
				55C02D50134C775A00606C13 /* InfoPlist.strings in Resources */,
				55C02D59134C775B00606C13 /* MainWindow.xib in Resources */,
				55C02D5F134C775B00606C13 /* DetailView.xib in Resources */,
				55A26971134C8D500051D97A /* License.rtf in Resources */,
				55A26985134C95B70051D97A /* private.png in Resources */,
				55A26986134C95B70051D97A /* public.png in Resources */,
				55A26996134CC4CF0051D97A /* full_screen.png in Resources */,
				55A269A0134E5FD50051D97A /* FullScreenViewController.xib in Resources */,
				55983BCA1350962A00483DAC /* SettingsViewController.xib in Resources */,
				550C7EAD1356393E009588FB /* private-fork.png in Resources */,
				550C7EAE1356393E009588FB /* public-fork.png in Resources */,
				557041CD13576CA30033D892 /* 19-gear.png in Resources */,
				557041D013576CFA0033D892 /* 06-magnify.png in Resources */,
				557041D213576D590033D892 /* 53-house.png in Resources */,
				557041D7135783A10033D892 /* SearchViewController.xib in Resources */,
			);
			runOnlyForDeploymentPostprocessing = 0;
		};
/* End PBXResourcesBuildPhase section */

/* Begin PBXSourcesBuildPhase section */
		55C02D3D134C775A00606C13 /* Sources */ = {
			isa = PBXSourcesBuildPhase;
			buildActionMask = 2147483647;
			files = (
				55C02D53134C775A00606C13 /* main.m in Sources */,
				55C02D56134C775A00606C13 /* GithubBrowserAppDelegate.m in Sources */,
				55C02D5C134C775B00606C13 /* DetailViewController.m in Sources */,
				55C02D62134C775B00606C13 /* RootViewController.m in Sources */,
				55A26967134C8D500051D97A /* CDataScanner.m in Sources */,
				55A26968134C8D500051D97A /* CDataScanner_Extensions.m in Sources */,
				55A26969134C8D500051D97A /* NSCharacterSet_Extensions.m in Sources */,
				55A2696A134C8D500051D97A /* NSDictionary_JSONExtensions.m in Sources */,
				55A2696B134C8D500051D97A /* NSScanner_Extensions.m in Sources */,
				55A2696C134C8D500051D97A /* CJSONDataSerializer.m in Sources */,
				55A2696D134C8D500051D97A /* CJSONDeserializer.m in Sources */,
				55A2696E134C8D500051D97A /* CJSONScanner.m in Sources */,
				55A2696F134C8D500051D97A /* CJSONSerializer.m in Sources */,
				55A26970134C8D500051D97A /* CSerializedJSONData.m in Sources */,
				55A26973134C8D500051D97A /* NSArray+Utilities.m in Sources */,
				55A26974134C8D500051D97A /* NSData+Base64.m in Sources */,
				55A26975134C8D500051D97A /* NSString+UAGithubEngineUtilities.m in Sources */,
				55A26976134C8D500051D97A /* NSString+UUID.m in Sources */,
				55A26977134C8D500051D97A /* UAGithubCommitsJSONParser.m in Sources */,
				55A26978134C8D500051D97A /* UAGithubEngine.m in Sources */,
				55A26979134C8D500051D97A /* UAGithubEngineConstants.m in Sources */,
				55A2697A134C8D500051D97A /* UAGithubIssueCommentsJSONParser.m in Sources */,
				55A2697B134C8D500051D97A /* UAGithubIssuesJSONParser.m in Sources */,
				55A2697C134C8D500051D97A /* UAGithubJSONParser.m in Sources */,
				55A2697D134C8D500051D97A /* UAGithubRepositoriesJSONParser.m in Sources */,
				55A2697E134C8D500051D97A /* UAGithubSimpleJSONParser.m in Sources */,
				55A2697F134C8D500051D97A /* UAGithubURLConnection.m in Sources */,
				55A26980134C8D500051D97A /* UAGithubUsersJSONParser.m in Sources */,
				55A26981134C8D500051D97A /* UAReachability.m in Sources */,
				55A2699F134E5FD50051D97A /* FullScreenViewController.m in Sources */,
				55983BC91350962A00483DAC /* SettingsViewController.m in Sources */,
				55983BCD1351A3DE00483DAC /* Constants.m in Sources */,
				55983BD11351A64100483DAC /* NSString+DBExtensions.m in Sources */,
				55983BD51353216C00483DAC /* ApplicationHelper.m in Sources */,
				557041D6135783A10033D892 /* SearchViewController.m in Sources */,
				550DF1D21359A99700646B35 /* Connection.m in Sources */,
				550DF1D31359A99700646B35 /* ConnectionDelegate.m in Sources */,
				550DF1D41359A99700646B35 /* NSHTTPURLResponse+Error.m in Sources */,
				550DF1D51359A99700646B35 /* NSMutableURLRequest+ResponseType.m in Sources */,
				550DF1D61359A99700646B35 /* NSObject+ObjectiveResource.m in Sources */,
				550DF1D71359A99700646B35 /* NSString+InflectionSupport.m in Sources */,
				550DF1D81359A99700646B35 /* NSData+Additions.m in Sources */,
				550DF1D91359A99700646B35 /* NSObject+PropertySupport.m in Sources */,
				550DF1DA1359A99700646B35 /* NSString+GSub.m in Sources */,
				550DF1DB1359A99700646B35 /* ObjectiveResourceDateFormatter.m in Sources */,
				550DF1DC1359A99700646B35 /* NSObject+SBJSON.m in Sources */,
				550DF1DD1359A99700646B35 /* NSString+SBJSON.m in Sources */,
				550DF1DE1359A99700646B35 /* SBJSON.m in Sources */,
				550DF1DF1359A99700646B35 /* NSArray+JSONSerializableSupport.m in Sources */,
				550DF1E01359A99700646B35 /* NSDictionary+JSONSerializableSupport.m in Sources */,
				550DF1E11359A99700646B35 /* NSObject+JSONSerializableSupport.m in Sources */,
				550DF1E21359A99700646B35 /* NSDate+Serialize.m in Sources */,
				550DF1E31359A99700646B35 /* NSDictionary+KeyTranslation.m in Sources */,
				550DF1E41359A99700646B35 /* NSObject+Serialize.m in Sources */,
				550DF1E51359A99700646B35 /* NSString+Serialize.m in Sources */,
				550DF1E61359A99700646B35 /* FromXMLElementDelegate.m in Sources */,
				550DF1E71359A99700646B35 /* NSArray+XMLSerializableSupport.m in Sources */,
				550DF1E81359A99700646B35 /* NSDate+XMLSerializableSupport.m in Sources */,
				550DF1E91359A99700646B35 /* NSDictionary+XMLSerializableSupport.m in Sources */,
				550DF1EA1359A99700646B35 /* NSNull+XMLSerializableSupport.m in Sources */,
				550DF1EB1359A99700646B35 /* NSNumber+XMLSerializableSupport.m in Sources */,
				550DF1EC1359A99700646B35 /* NSObject+XMLSerializableSupport.m in Sources */,
				550DF1ED1359A99700646B35 /* NSString+XMLSerializableSupport.m in Sources */,
				550DF1EE1359A99700646B35 /* ObjectiveResourceConfig.m in Sources */,
				550DF1EF1359A99700646B35 /* Response.m in Sources */,
			);
			runOnlyForDeploymentPostprocessing = 0;
		};
/* End PBXSourcesBuildPhase section */

/* Begin PBXVariantGroup section */
		55C02D4E134C775A00606C13 /* InfoPlist.strings */ = {
			isa = PBXVariantGroup;
			children = (
				55C02D4F134C775A00606C13 /* en */,
			);
			name = InfoPlist.strings;
			sourceTree = "<group>";
		};
		55C02D57134C775B00606C13 /* MainWindow.xib */ = {
			isa = PBXVariantGroup;
			children = (
				55C02D58134C775B00606C13 /* en */,
			);
			name = MainWindow.xib;
			sourceTree = "<group>";
		};
		55C02D5D134C775B00606C13 /* DetailView.xib */ = {
			isa = PBXVariantGroup;
			children = (
				55C02D5E134C775B00606C13 /* en */,
			);
			name = DetailView.xib;
			sourceTree = "<group>";
		};
/* End PBXVariantGroup section */

/* Begin XCBuildConfiguration section */
		55C02D63134C775B00606C13 /* Debug */ = {
			isa = XCBuildConfiguration;
			buildSettings = {
				ARCHS = "$(ARCHS_UNIVERSAL_IPHONE_OS)";
				"CODE_SIGN_IDENTITY[sdk=iphoneos*]" = "iPhone Developer";
				GCC_C_LANGUAGE_STANDARD = gnu99;
				GCC_OPTIMIZATION_LEVEL = 0;
				GCC_PREPROCESSOR_DEFINITIONS = DEBUG;
				GCC_SYMBOLS_PRIVATE_EXTERN = NO;
				GCC_VERSION = com.apple.compilers.llvmgcc42;
				GCC_WARN_ABOUT_RETURN_TYPE = YES;
				GCC_WARN_UNUSED_VARIABLE = YES;
				IPHONEOS_DEPLOYMENT_TARGET = 4.3;
				SDKROOT = iphoneos;
				TARGETED_DEVICE_FAMILY = 2;
			};
			name = Debug;
		};
		55C02D64134C775B00606C13 /* Release */ = {
			isa = XCBuildConfiguration;
			buildSettings = {
				ARCHS = "$(ARCHS_UNIVERSAL_IPHONE_OS)";
				"CODE_SIGN_IDENTITY[sdk=iphoneos*]" = "iPhone Developer";
				GCC_C_LANGUAGE_STANDARD = gnu99;
				GCC_VERSION = com.apple.compilers.llvmgcc42;
				GCC_WARN_ABOUT_RETURN_TYPE = YES;
				GCC_WARN_UNUSED_VARIABLE = YES;
				IPHONEOS_DEPLOYMENT_TARGET = 4.3;
				OTHER_CFLAGS = "-DNS_BLOCK_ASSERTIONS=1";
				SDKROOT = iphoneos;
				TARGETED_DEVICE_FAMILY = 2;
			};
			name = Release;
		};
		55C02D66134C775B00606C13 /* Debug */ = {
			isa = XCBuildConfiguration;
			buildSettings = {
				ALWAYS_SEARCH_USER_PATHS = NO;
				COPY_PHASE_STRIP = NO;
				GCC_DYNAMIC_NO_PIC = NO;
				GCC_PRECOMPILE_PREFIX_HEADER = YES;
				GCC_PREFIX_HEADER = "GithubBrowser/GithubBrowser-Prefix.pch";
				INFOPLIST_FILE = "GithubBrowser/GithubBrowser-Info.plist";
				IPHONEOS_DEPLOYMENT_TARGET = 4.0;
				PRODUCT_NAME = "$(TARGET_NAME)";
				WRAPPER_EXTENSION = app;
			};
			name = Debug;
		};
		55C02D67134C775B00606C13 /* Release */ = {
			isa = XCBuildConfiguration;
			buildSettings = {
				ALWAYS_SEARCH_USER_PATHS = NO;
				COPY_PHASE_STRIP = YES;
				GCC_PRECOMPILE_PREFIX_HEADER = YES;
				GCC_PREFIX_HEADER = "GithubBrowser/GithubBrowser-Prefix.pch";
				INFOPLIST_FILE = "GithubBrowser/GithubBrowser-Info.plist";
				IPHONEOS_DEPLOYMENT_TARGET = 4.0;
				PRODUCT_NAME = "$(TARGET_NAME)";
				VALIDATE_PRODUCT = YES;
				WRAPPER_EXTENSION = app;
			};
			name = Release;
		};
/* End XCBuildConfiguration section */

/* Begin XCConfigurationList section */
		55C02D3B134C775A00606C13 /* Build configuration list for PBXProject "GithubBrowser" */ = {
			isa = XCConfigurationList;
			buildConfigurations = (
				55C02D63134C775B00606C13 /* Debug */,
				55C02D64134C775B00606C13 /* Release */,
			);
			defaultConfigurationIsVisible = 0;
			defaultConfigurationName = Release;
		};
		55C02D65134C775B00606C13 /* Build configuration list for PBXNativeTarget "GithubBrowser" */ = {
			isa = XCConfigurationList;
			buildConfigurations = (
				55C02D66134C775B00606C13 /* Debug */,
				55C02D67134C775B00606C13 /* Release */,
			);
			defaultConfigurationIsVisible = 0;
			defaultConfigurationName = Release;
		};
/* End XCConfigurationList section */
	};
	rootObject = 55C02D38134C775A00606C13 /* Project object */;
}
